github.com/google/uuid v1.6.0 h1:NIvaJDMOsjHA8n1jAhLSgzrAzy1Hgr+hNrb57e+94F0=
github.com/google/uuid v1.6.0/go.mod h1:TIyPZe4MgqvfeYDBFedMoGGpEw/LqOeaOT+nhxU+yHo=
github.com/gorilla/mux v1.8.1 h1:TuBL49tXwgrFYWhqrNgrUNEY92u81SPhu7sTdzQEiWY=
github.com/gorilla/mux v1.8.1/go.mod h1:AKf9I4AEqPTmMytcMc0KkNouC66V3BtZ4qD5fmWSiMQ=
github.com/renstrom/shortuuid v3.0.0+incompatible h1:F6T1U7bWlI3FTV+JE8HyeR7bkTeYZJntqQLA9ST4HOQ=
github.com/renstrom/shortuuid v3.0.0+incompatible/go.mod h1:n18Ycpn8DijG+h/lLBQVnGKv1BCtTeXo8KKSbBOrQ8c=
